Microsoft Visual Studio Solution File, Format Version 8.00
Project("{FAE04EC0-301F-11D3-BF4B-00C04F79EFBC}") = "paintdotnet", "paintdotnet.csproj", "{34920450-488E-41DF-8565-AA22C2A56902}"
	ProjectSection(ProjectDependencies) = postProject
		{8E186A1F-3DDE-4B66-8E5C-D3C20F9B835C} = {8E186A1F-3DDE-4B66-8E5C-D3C20F9B835C}
		{77B00122-EF30-459D-8789-8C6A97537C02} = {77B00122-EF30-459D-8789-8C6A97537C02}
		{643D256B-A137-49F7-9ECE-0895E68C8801} = {643D256B-A137-49F7-9ECE-0895E68C8801}
	EndProjectSection
EndProject
Project("{FAE04EC0-301F-11D3-BF4B-00C04F79EFBC}") = "SharpZipLib", "SharpZipLib\SharpZipLib.csproj", "{8E186A1F-3DDE-4B66-8E5C-D3C20F9B835C}"
	ProjectSection(ProjectDependencies) = postProject
	EndProjectSection
EndProject
Project("{8BC9CEB8-8B4A-11D0-8D11-00A0C91BC942}") = "CpuCount", "CpuCount\CpuCount.vcproj", "{95D9B8D9-47F1-40D1-89E8-989CF7B551FF}"
	ProjectSection(ProjectDependencies) = postProject
	EndProjectSection
EndProject
Project("{FAE04EC0-301F-11D3-BF4B-00C04F79EFBC}") = "CpuCount.NET", "CpuCount.NET\CpuCount.NET.csproj", "{643D256B-A137-49F7-9ECE-0895E68C8801}"
	ProjectSection(ProjectDependencies) = postProject
		{95D9B8D9-47F1-40D1-89E8-989CF7B551FF} = {95D9B8D9-47F1-40D1-89E8-989CF7B551FF}
	EndProjectSection
EndProject
Project("{54435603-DBB4-11D2-8724-00A0C9A8B90C}") = "Paint.NET Setup", "Setup\Setup.vdproj", "{082CE919-258F-49DE-8DB7-7E5C9DD79501}"
	ProjectSection(ProjectDependencies) = postProject
	EndProjectSection
EndProject
Project("{54435603-DBB4-11D2-8724-00A0C9A8B90C}") = "WIAAutSDK MergeModule", "WIAAutSDK\MergeModule\WIAAutSDK MergeModule.vdproj", "{6376F236-ADF7-4E71-BA6B-9969E566BC88}"
	ProjectSection(ProjectDependencies) = postProject
	EndProjectSection
EndProject
Project("{54435603-DBB4-11D2-8724-00A0C9A8B90C}") = "CpuCount.NET MergeModule", "CpuCount.NET\MergeModule\CpuCount.NET MergeModule.vdproj", "{0927C737-D924-478F-A01D-50AD01E80656}"
	ProjectSection(ProjectDependencies) = postProject
	EndProjectSection
EndProject
Project("{FAE04EC0-301F-11D3-BF4B-00C04F79EFBC}") = "makechm", "makechm\makechm.csproj", "{77B00122-EF30-459D-8789-8C6A97537C02}"
	ProjectSection(ProjectDependencies) = postProject
	EndProjectSection
EndProject
Project("{8BC9CEB8-8B4A-11D0-8D11-00A0C91BC942}") = "Paint.NET Setup Config", "Setup-Config\Setup-Config.vcproj", "{40A8C52E-F2F8-49D7-A825-A0411BD7306A}"
	ProjectSection(ProjectDependencies) = postProject
		{082CE919-258F-49DE-8DB7-7E5C9DD79501} = {082CE919-258F-49DE-8DB7-7E5C9DD79501}
	EndProjectSection
EndProject
Global
	GlobalSection(SolutionConfiguration) = preSolution
		Debug = Debug
		Release = Release
	EndGlobalSection
	GlobalSection(ProjectConfiguration) = postSolution
		{34920450-488E-41DF-8565-AA22C2A56902}.Debug.ActiveCfg = Debug|.NET
		{34920450-488E-41DF-8565-AA22C2A56902}.Debug.Build.0 = Debug|.NET
		{34920450-488E-41DF-8565-AA22C2A56902}.Release.ActiveCfg = Release|.NET
		{34920450-488E-41DF-8565-AA22C2A56902}.Release.Build.0 = Release|.NET
		{8E186A1F-3DDE-4B66-8E5C-D3C20F9B835C}.Debug.ActiveCfg = Debug|.NET
		{8E186A1F-3DDE-4B66-8E5C-D3C20F9B835C}.Debug.Build.0 = Debug|.NET
		{8E186A1F-3DDE-4B66-8E5C-D3C20F9B835C}.Release.ActiveCfg = Release|.NET
		{8E186A1F-3DDE-4B66-8E5C-D3C20F9B835C}.Release.Build.0 = Release|.NET
		{95D9B8D9-47F1-40D1-89E8-989CF7B551FF}.Debug.ActiveCfg = Debug|Win32
		{95D9B8D9-47F1-40D1-89E8-989CF7B551FF}.Debug.Build.0 = Debug|Win32
		{95D9B8D9-47F1-40D1-89E8-989CF7B551FF}.Release.ActiveCfg = Release|Win32
		{95D9B8D9-47F1-40D1-89E8-989CF7B551FF}.Release.Build.0 = Release|Win32
		{643D256B-A137-49F7-9ECE-0895E68C8801}.Debug.ActiveCfg = Debug|.NET
		{643D256B-A137-49F7-9ECE-0895E68C8801}.Debug.Build.0 = Debug|.NET
		{643D256B-A137-49F7-9ECE-0895E68C8801}.Release.ActiveCfg = Release|.NET
		{643D256B-A137-49F7-9ECE-0895E68C8801}.Release.Build.0 = Release|.NET
		{082CE919-258F-49DE-8DB7-7E5C9DD79501}.Debug.ActiveCfg = Debug
		{082CE919-258F-49DE-8DB7-7E5C9DD79501}.Release.ActiveCfg = Release
		{082CE919-258F-49DE-8DB7-7E5C9DD79501}.Release.Build.0 = Release
		{6376F236-ADF7-4E71-BA6B-9969E566BC88}.Debug.ActiveCfg = Debug
		{6376F236-ADF7-4E71-BA6B-9969E566BC88}.Release.ActiveCfg = Release
		{6376F236-ADF7-4E71-BA6B-9969E566BC88}.Release.Build.0 = Release
		{0927C737-D924-478F-A01D-50AD01E80656}.Debug.ActiveCfg = Debug
		{0927C737-D924-478F-A01D-50AD01E80656}.Release.ActiveCfg = Release
		{0927C737-D924-478F-A01D-50AD01E80656}.Release.Build.0 = Release
		{77B00122-EF30-459D-8789-8C6A97537C02}.Debug.ActiveCfg = Debug|.NET
		{77B00122-EF30-459D-8789-8C6A97537C02}.Debug.Build.0 = Debug|.NET
		{77B00122-EF30-459D-8789-8C6A97537C02}.Release.ActiveCfg = Release|.NET
		{77B00122-EF30-459D-8789-8C6A97537C02}.Release.Build.0 = Release|.NET
		{40A8C52E-F2F8-49D7-A825-A0411BD7306A}.Debug.ActiveCfg = Debug|Win32
		{40A8C52E-F2F8-49D7-A825-A0411BD7306A}.Release.ActiveCfg = Release|Win32
		{40A8C52E-F2F8-49D7-A825-A0411BD7306A}.Release.Build.0 = Release|Win32
	EndGlobalSection
	GlobalSection(ExtensibilityGlobals) = postSolution
	EndGlobalSection
	GlobalSection(ExtensibilityAddIns) = postSolution
	EndGlobalSection
EndGlobal
